github.com/aws/aws-sdk-go-v2 v1.13.0 h1:1XIXAfxsEmbhbj5ry3D3vX+6ZcUYvIqSm4CWWEuGZCA=
github.com/aws/aws-sdk-go-v2 v1.13.0/go.mod h1:L6+ZpqHaLbAaxsqV0L4cvxZY7QupWJB4fhkf8LXvC7w=
github.com/aws/aws-sdk-go-v2/internal/configsources v1.1.4 h1:CRiQJ4E2RhfDdqbie1ZYDo8QtIo75Mk7oTdJSfwJTMQ=
github.com/aws/aws-sdk-go-v2/internal/configsources v1.1.4/go.mod h1:XHgQ7Hz2WY2GAn//UXHofLfPXWh+s62MbMOijrg12Lw=
github.com/aws/aws-sdk-go-v2/internal/endpoints/v2 v2.2.0 h1:3ADoioDMOtF4uiK59vCpplpCwugEU+v4ZFD29jDL3RQ=
github.com/aws/aws-sdk-go-v2/internal/endpoints/v2 v2.2.0/go.mod h1:BsCSJHx5DnDXIrOcqB8KN1/B+hXLG/bi4Y6Vjcx/x9E=
github.com/aws/aws-sdk-go-v2/service/internal/presigned-url v1.7.0 h1:4QAOB3KrvI1ApJK14sliGr3Ie2pjyvNypn/lfzDHfUw=
github.com/aws/aws-sdk-go-v2/service/internal/presigned-url v1.7.0/go.mod h1:K/qPe6AP2TGYv4l6n7c88zh9jWBDf6nHhvg1fx/EWfU=
github.com/aws/aws-sdk-go-v2/service/rds v1.16.0 h1:xYxIpmqlnc+U/miylJaNmEty34MC4BmxpVOqkF2DFpo=
github.com/aws/aws-sdk-go-v2/service/rds v1.16.0/go.mod h1:U1tzFmWLyt4AqSRLONL0RXcYsQg0huiInDdRmCecz1w=
github.com/aws/smithy-go v1.10.0 h1:gsoZQMNHnX+PaghNw4ynPsyGP7aUCqx5sY2dlPQsZ0w=
github.com/aws/smithy-go v1.10.0/go.mod h1:SObp3lf9smib00L/v3U2eAKG8FyQ7iLrJnQiAmR5n+E=
github.com/davecgh/go-spew v1.1.0/go.mod h1:J7Y8YcW2NihsgmVo/mv3lAwl/skON4iLHjSsI+c5H38=
github.com/eclipse/paho.mqtt.golang v1.3.5 h1:sWtmgNxYM9P2sP+xEItMozsR3w0cqZFlqnNN1bdl41Y=
github.com/eclipse/paho.mqtt.golang v1.3.5/go.mod h1:eTzb4gxwwyWpqBUHGQZ4ABAV7+Jgm1PklsYT/eo8Hcc=
github.com/go-sql-driver/mysql v1.6.0 h1:BCTh4TKNUYmOmMUcQ3IipzF5prigylS7XXjEkfCHuOE=
github.com/go-sql-driver/mysql v1.6.0/go.mod h1:DCzpHaOWr8IXmIStZouvnhqoel9Qv2LBy8hT2VhHyBg=
github.com/google/go-cmp v0.5.4/go.mod h1:v8dTdLbMG2kIc/vJvl+f65V22dbkXbowE6jgT/gNBxE=
github.com/google/go-cmp v0.5.6/go.mod h1:v8dTdLbMG2kIc/vJvl+f65V22dbkXbowE6jgT/gNBxE=
github.com/gorilla/websocket v1.4.2 h1:+/TMaTYc4QFitKJxsQ7Yye35DkWvkdLcvGKqM+x0Ufc=
github.com/gorilla/websocket v1.4.2/go.mod h1:YR8l580nyteQvAITg2hZ9XVh4b55+EU/adAjf1fMHhE=
github.com/jmespath/go-jmespath v0.4.0 h1:BEgLn5cpjn8UN1mAw4NjwDrS35OdebyEtFe+9YPoQUg=
github.com/jmespath/go-jmespath v0.4.0/go.mod h1:T8mJZnbsbmF+m6zOOFylbeCJqk5+pHWvzYPziyZiYoo=
github.com/jmespath/go-jmespath/internal/testify v1.5.1/go.mod h1:L3OGu8Wl2/fWfCI6z80xFu9LTZmf1ZRjMHUOPmWr69U=
github.com/pmezard/go-difflib v1.0.0/go.mod h1:iKH77koFhYxTK1pcRnkKkqfTogsbg7gZNVY4sRDYZ/4=
github.com/stretchr/objx v0.1.0/go.mod h1:HFkY916IF+rwdDfMAkV7OtwuqBVzrE8GR6GFx+wExME=
golang.org/x/crypto v0.0.0-20190308221718-c2843e01d9a2/go.mod h1:djNgcEr1/C05ACkg1iLfiJU5Ep61QUkGW8qpdssI0+w=
golang.org/x/net v0.0.0-20200425230154-ff2c4b7c35a0 h1:Jcxah/M+oLZ/R4/z5RzfPzGbPXnVDPkEDtf2JnuxN+U=
golang.org/x/net v0.0.0-20200425230154-ff2c4b7c35a0/go.mod h1:qpuaurCH72eLCgpAm/N6yyVIVM9cpaDIP3A8BGJEC5A=
golang.org/x/sys v0.0.0-20190215142949-d0b11bdaac8a/go.mod h1:STP8DvDyc/dI5b8T5hshtkjS+E42TnysNCUPdjciGhY=
golang.org/x/sys v0.0.0-20200323222414-85ca7c5b95cd/go.mod h1:h1NjWce9XRLGQEsW7wpKNCjG9DtNlClVuFLEZdDNbEs=
golang.org/x/text v0.3.0/go.mod h1:NqM8EUOU14njkJ3fqMW+pc6Ldnwhi/IjpwHt7yyuwOQ=
golang.org/x/xerrors v0.0.0-20191204190536-9bdfabe68543/go.mod h1:I/5z698sn9Ka8TeJc9MKroUUfqBBauWjQqLJ2OPfmY0=
gopkg.in/check.v1 v0.0.0-20161208181325-20d25e280405/go.mod h1:Co6ibVJAznAaIkqp8huTwlJQCZ016jof/cbN4VW5Yz0=
gopkg.in/yaml.v2 v2.2.8/go.mod h1:hI93XBmqTisBFMUTm0b8Fm+jr3Dg1NNxqwp+5A1VGuI=
